<?xml version="1.0" encoding="utf-8"?>
<Project ToolsVersion="4.0" xmlns="http://schemas.microsoft.com/developer/msbuild/2003">
  <ItemGroup><Filter Include="Infrastructure" /></ItemGroup>
  <ItemGroup><ClCompile Include="main.cpp" /></ItemGroup>
  <ItemGroup><ClInclude Include="DesktopServer.hpp"><Filter>Infrastructure</Filter></ClInclude></ItemGroup>
  <ItemGroup><None Include="..\tools\restore-webview2.ps1"><Filter>Infrastructure</Filter></None></ItemGroup>
</Project>
