<?xml version="1.0" encoding="utf-8"?>
<Project ToolsVersion="4.0" xmlns="http://schemas.microsoft.com/developer/msbuild/2003">
  <ItemGroup>
    <Filter Include="Shared">
      <UniqueIdentifier>{33F69AF0-452C-4596-8E6A-AF69CBB271CE}</UniqueIdentifier>
    </Filter>
  </ItemGroup>
  <ItemGroup>
    <ClInclude Include="..\shared\MemoryWire.hpp"><Filter>Shared</Filter></ClInclude>
    <ClInclude Include="..\shared\DataConnection.hpp"><Filter>Shared</Filter></ClInclude>
    <ClInclude Include="..\shared\Talkers.hpp">
      <Filter>Shared</Filter>
    </ClInclude>
    <ClInclude Include="..\shared\ActionMessage.hpp">
      <Filter>Shared</Filter>
    </ClInclude>
    <ClInclude Include="..\shared\ConnectionHeartbeat.hpp">
      <Filter>Shared</Filter>
    </ClInclude>
    <ClInclude Include="..\shared\DataServices.hpp">
      <Filter>Shared</Filter>
    </ClInclude>
    <ClInclude Include="..\shared\DependencyInjection.hpp">
      <Filter>Shared</Filter>
    </ClInclude>
    <ClInclude Include="..\shared\examples\Student.hpp">
      <Filter>Shared</Filter>
    </ClInclude>
    <ClInclude Include="..\shared\MemoryChanges.hpp">
      <Filter>Shared</Filter>
    </ClInclude>
    <ClInclude Include="..\shared\MemoryStore.hpp">
      <Filter>Shared</Filter>
    </ClInclude>
    <ClInclude Include="..\shared\MemoryViews.hpp">
      <Filter>Shared</Filter>
    </ClInclude>
  </ItemGroup>
</Project>
